version = 1
revision = 3
requires-python = ">=3.13"

[[package]]
name = "epot-pmgw"
version = "0.1.0"
source = { virtual = "." }
dependencies = [
    { name = "pybind11" },
]

[package.metadata]
requires-dist = [{ name = "pybind11", specifier = ">=3.0.4" }]

[[package]]
name = "pybind11"
version = "3.0.4"
source = { registry = "https://pypi.org/simple" }
sdist = { url = "https://files.pythonhosted.org/packages/cc/f0/35145a3c3baffeef55d4b8324caa33abaa8fa56ab345ecd4b2211d09163e/pybind11-3.0.4.tar.gz", hash = "sha256:3286b59c8a774b9ee650169302dd5a4eedc30a8617905a0560dd8ee44775130c", size = 589533, upload-time = "2026-04-19T03:08:15.925Z" }
wheels = [
    { url = "https://files.pythonhosted.org/packages/b3/06/c3a23c9a0263b136c519f033a58d4641e73065fefc7754e9667ec206d992/pybind11-3.0.4-py3-none-any.whl", hash = "sha256:961720ee652da51d531b7b2451a6bd2bc042b0106e6d9baa48ecb7d58034ce63", size = 314166, upload-time = "2026-04-19T03:08:14.091Z" },
]
